{
  "name": "@cnwangzd/m3js",
  "version": "1.0.0",
  "lockfileVersion": 2,
  "requires": true,
  "packages": {
    "": {
      "name": "@cnwangzd/m3js",
      "version": "1.0.0",
      "license": "MIT",
      "dependencies": {
        "@cnwangzd/m3js": "^1.0.0"
      }
    },
    "node_modules/@cnwangzd/m3js": {
      "version": "1.0.0",
      "resolved": "https://registry.npmjs.org/@cnwangzd/m3js/-/m3js-1.0.0.tgz",
      "integrity": "sha512-D93kLkaLoQq+vHy69VnMKK3EgppXK690af2DvtdnMcRX4L0QhAHsJSmLYlKJzNZn5+V4C3Wtl1IzdGLdaG3Sxg=="
    }
  },
  "dependencies": {
    "@cnwangzd/m3js": {
      "version": "1.0.0",
      "resolved": "https://registry.npmjs.org/@cnwangzd/m3js/-/m3js-1.0.0.tgz",
      "integrity": "sha512-D93kLkaLoQq+vHy69VnMKK3EgppXK690af2DvtdnMcRX4L0QhAHsJSmLYlKJzNZn5+V4C3Wtl1IzdGLdaG3Sxg=="
    }
  }
}
